
Microsoft Visual Studio Solution File, Format Version 12.00
# Visual Studio 15
Project("{FAE04EC0-301F-11D3-BF4B-00C04F79EFBC}") = "Oculus.Interaction.Editor", "Oculus.Interaction.Editor.csproj", "{E578E76D-FB86-4A93-4662-C17BB7E5DF20}"
EndProject
Project("{FAE04EC0-301F-11D3-BF4B-00C04F79EFBC}") = "Meta.WitAi.Conduit", "Meta.WitAi.Conduit.csproj", "{E2866F79-B942-61EF-9A7D-AE876823ABE0}"
EndProject
Project("{FAE04EC0-301F-11D3-BF4B-00C04F79EFBC}") = "Oculus.VR", "Oculus.VR.csproj", "{5DAB58BB-143C-36C7-017E-7BF70D309D0E}"
EndProject
Project("{FAE04EC0-301F-11D3-BF4B-00C04F79EFBC}") = "Oculus.Interaction", "Oculus.Interaction.csproj", "{BB27FF45-06F1-3DB6-75A4-BCC60B6593AC}"
EndProject
Project("{FAE04EC0-301F-11D3-BF4B-00C04F79EFBC}") = "Meta.Voice.Samples.ShapesConduit", "Meta.Voice.Samples.ShapesConduit.csproj", "{2BB9A304-5B7D-16AB-D62F-F1C5934345E0}"
EndProject
Project("{FAE04EC0-301F-11D3-BF4B-00C04F79EFBC}") = "Meta.WitAi.Editor", "Meta.WitAi.Editor.csproj", "{ACE5FBE5-4220-465F-2997-164652653621}"
EndProject
Project("{FAE04EC0-301F-11D3-BF4B-00C04F79EFBC}") = "Oculus.Platform", "Oculus.Platform.csproj", "{C110BB33-73D8-EFC0-E4B1-955F04103A4D}"
EndProject
Project("{FAE04EC0-301F-11D3-BF4B-00C04F79EFBC}") = "VoiceSDK.Telemetry", "VoiceSDK.Telemetry.csproj", "{B1900BC3-D041-3E34-0E62-F9963698AFAC}"
EndProject
Project("{FAE04EC0-301F-11D3-BF4B-00C04F79EFBC}") = "Meta.WitAi.Conduit.Editor", "Meta.WitAi.Conduit.Editor.csproj", "{0C0A6D4B-9FED-1F80-CB39-C8DBE1EAA33C}"
EndProject
Project("{FAE04EC0-301F-11D3-BF4B-00C04F79EFBC}") = "Meta.WitAi", "Meta.WitAi.csproj", "{B0D070BE-663F-9723-AA7F-6101DF062E09}"
EndProject
Project("{FAE04EC0-301F-11D3-BF4B-00C04F79EFBC}") = "Oculus.Interaction.OVR.Samples", "Oculus.Interaction.OVR.Samples.csproj", "{3076F223-09B6-B802-6AB7-1BCA34387962}"
EndProject
Project("{FAE04EC0-301F-11D3-BF4B-00C04F79EFBC}") = "Assembly-CSharp", "Assembly-CSharp.csproj", "{D422969B-FBBE-BD67-A708-F2D90A8460B4}"
EndProject
Project("{FAE04EC0-301F-11D3-BF4B-00C04F79EFBC}") = "Meta.WitAi.Lib", "Meta.WitAi.Lib.csproj", "{C5D7CF60-7D89-A5EA-A7AC-997E7E2CBECD}"
EndProject
Project("{FAE04EC0-301F-11D3-BF4B-00C04F79EFBC}") = "Oculus.VR.Editor", "Oculus.VR.Editor.csproj", "{EA5D5AFC-FA89-4563-5889-3AC380857C27}"
EndProject
Project("{FAE04EC0-301F-11D3-BF4B-00C04F79EFBC}") = "Meta.Voice.Hub.Runtime", "Meta.Voice.Hub.Runtime.csproj", "{1DF4687E-8188-19C2-ED1E-EEB6F55D0F6C}"
EndProject
Project("{FAE04EC0-301F-11D3-BF4B-00C04F79EFBC}") = "Oculus.Interaction.OVR.Editor", "Oculus.Interaction.OVR.Editor.csproj", "{0C516001-69C9-7838-13DC-091C9A8981D0}"
EndProject
Project("{FAE04EC0-301F-11D3-BF4B-00C04F79EFBC}") = "VoiceSDK.Dictation.Runtime", "VoiceSDK.Dictation.Runtime.csproj", "{C6AB26E7-5EA1-5C84-F19C-9E44606FE613}"
EndProject
Project("{FAE04EC0-301F-11D3-BF4B-00C04F79EFBC}") = "Oculus.LipSync", "Oculus.LipSync.csproj", "{CF9E95C5-471D-156E-D680-8AFFFA5D35A7}"
EndProject
Project("{FAE04EC0-301F-11D3-BF4B-00C04F79EFBC}") = "Oculus.Interaction.OVR", "Oculus.Interaction.OVR.csproj", "{455A930B-5BC4-E360-A7CE-37E87257B260}"
EndProject
Project("{FAE04EC0-301F-11D3-BF4B-00C04F79EFBC}") = "Meta.Voice.Hub.Editor", "Meta.Voice.Hub.Editor.csproj", "{2B301D15-68D2-3014-470A-2739D75BAE39}"
EndProject
Project("{FAE04EC0-301F-11D3-BF4B-00C04F79EFBC}") = "VoiceSDK.Editor", "VoiceSDK.Editor.csproj", "{8FE5985C-505B-77C3-FFE7-5BE17A9DD86C}"
EndProject
Project("{FAE04EC0-301F-11D3-BF4B-00C04F79EFBC}") = "Meta.WitAI.Lib.Editor", "Meta.WitAI.Lib.Editor.csproj", "{B15F2B88-60DF-80A4-EB64-75D4B2117626}"
EndProject
Project("{FAE04EC0-301F-11D3-BF4B-00C04F79EFBC}") = "Oculus.Spatializer.Editor", "Oculus.Spatializer.Editor.csproj", "{B0800F30-93E5-EF30-59B8-F4F8FAF253B4}"
EndProject
Project("{FAE04EC0-301F-11D3-BF4B-00C04F79EFBC}") = "AssistantCoreSDKRuntime", "AssistantCoreSDKRuntime.csproj", "{1C8B85E3-DD41-28FD-C056-DE6D157C04FD}"
EndProject
Project("{FAE04EC0-301F-11D3-BF4B-00C04F79EFBC}") = "Oculus.AudioManager", "Oculus.AudioManager.csproj", "{142F907C-18C9-3052-9864-BE5DD4FD231F}"
EndProject
Project("{FAE04EC0-301F-11D3-BF4B-00C04F79EFBC}") = "VoiceSDK.Runtime", "VoiceSDK.Runtime.csproj", "{B1706C04-3C6A-5C0B-7E09-3328AC83EB12}"
EndProject
Project("{FAE04EC0-301F-11D3-BF4B-00C04F79EFBC}") = "Facebook.Wit.Dictation", "Facebook.Wit.Dictation.csproj", "{78A51603-28BA-C967-8946-8F042E9CA5AD}"
EndProject
Project("{FAE04EC0-301F-11D3-BF4B-00C04F79EFBC}") = "Meta.Voice.Samples.BuiltInTimer", "Meta.Voice.Samples.BuiltInTimer.csproj", "{627C13B8-43BA-BC40-643F-CC61797B4151}"
EndProject
Project("{FAE04EC0-301F-11D3-BF4B-00C04F79EFBC}") = "Oculus.Platform.Editor", "Oculus.Platform.Editor.csproj", "{F9CF0CCC-2DAC-E6E0-FB0D-548557B5C63F}"
EndProject
Project("{FAE04EC0-301F-11D3-BF4B-00C04F79EFBC}") = "Meta.XR.BuildingBlocks.Editor", "Meta.XR.BuildingBlocks.Editor.csproj", "{9E0C6504-0BB9-01EA-854B-6BE0A9980008}"
EndProject
Project("{FAE04EC0-301F-11D3-BF4B-00C04F79EFBC}") = "Meta.Voice.Samples.TTSVoices", "Meta.Voice.Samples.TTSVoices.csproj", "{D329B84A-0C0C-7884-2860-DF761277176F}"
EndProject
Project("{FAE04EC0-301F-11D3-BF4B-00C04F79EFBC}") = "Meta.Voice.VSDKHub.Editor", "Meta.Voice.VSDKHub.Editor.csproj", "{A86D3EB5-D3D5-7F5F-6781-41A03B7CAE0E}"
EndProject
Project("{FAE04EC0-301F-11D3-BF4B-00C04F79EFBC}") = "Meta.WitAi.TTS", "Meta.WitAi.TTS.csproj", "{9D0F7616-79C7-4665-053F-20B4033B0CD9}"
EndProject
Project("{FAE04EC0-301F-11D3-BF4B-00C04F79EFBC}") = "Oculus.AudioManager.Audio.Editor", "Oculus.AudioManager.Audio.Editor.csproj", "{F7C54E67-5E38-211A-FA3A-4B4EF1E5000A}"
EndProject
Project("{FAE04EC0-301F-11D3-BF4B-00C04F79EFBC}") = "Assembly-CSharp-Editor", "Assembly-CSharp-Editor.csproj", "{C2998A36-0EF8-D84D-A7C5-0AB71923E282}"
EndProject
Project("{FAE04EC0-301F-11D3-BF4B-00C04F79EFBC}") = "Meta.Voice.Samples.Chess", "Meta.Voice.Samples.Chess.csproj", "{AD6D3C6E-66AD-FE36-C868-38B7BB351A80}"
EndProject
Project("{FAE04EC0-301F-11D3-BF4B-00C04F79EFBC}") = "Oculus.VR.Scripts.Editor", "Oculus.VR.Scripts.Editor.csproj", "{28630ED1-B4EA-880E-5029-BDDBE845F948}"
EndProject
Project("{FAE04EC0-301F-11D3-BF4B-00C04F79EFBC}") = "Meta.Voice.Samples.LightTraits", "Meta.Voice.Samples.LightTraits.csproj", "{5973A88A-AB8D-E97D-B676-09E417DE721B}"
EndProject
Project("{FAE04EC0-301F-11D3-BF4B-00C04F79EFBC}") = "Meta.Voice.Samples.Dictation", "Meta.Voice.Samples.Dictation.csproj", "{B7F728E6-9D6A-E3E4-9749-4DE5B6A64A13}"
EndProject
Project("{FAE04EC0-301F-11D3-BF4B-00C04F79EFBC}") = "Meta.Voice.Samples.Shapes", "Meta.Voice.Samples.Shapes.csproj", "{4117C69B-1FEB-D71D-7FBC-E2AB910183C1}"
EndProject
Project("{FAE04EC0-301F-11D3-BF4B-00C04F79EFBC}") = "Oculus.Interaction.Samples.Editor", "Oculus.Interaction.Samples.Editor.csproj", "{76366ABF-BF8D-0FEF-F1AA-2E5F80266F29}"
EndProject
Project("{FAE04EC0-301F-11D3-BF4B-00C04F79EFBC}") = "Meta.WitAi.TTS.Editor", "Meta.WitAi.TTS.Editor.csproj", "{F1412BBD-34EE-223A-1B5A-AD6C45AA5140}"
EndProject
Project("{FAE04EC0-301F-11D3-BF4B-00C04F79EFBC}") = "Meta.XR.BuildingBlocks", "Meta.XR.BuildingBlocks.csproj", "{F6B72142-BBBD-2F0D-3F19-C411987C5E94}"
EndProject
Project("{FAE04EC0-301F-11D3-BF4B-00C04F79EFBC}") = "Oculus.Spatializer", "Oculus.Spatializer.csproj", "{31449356-45CF-FCD0-FC4F-FEF7CF43A568}"
EndProject
Project("{FAE04EC0-301F-11D3-BF4B-00C04F79EFBC}") = "Oculus.LipSync.Editor", "Oculus.LipSync.Editor.csproj", "{8D190012-EBA2-EF37-237A-D17A733EEC0C}"
EndProject
Project("{FAE04EC0-301F-11D3-BF4B-00C04F79EFBC}") = "Oculus.AudioManager.Utils.Editor", "Oculus.AudioManager.Utils.Editor.csproj", "{19BB0AA1-E430-F094-224A-E22C23C4A133}"
EndProject
Project("{FAE04EC0-301F-11D3-BF4B-00C04F79EFBC}") = "Meta.VoiceSDK.Mic.Common", "Meta.VoiceSDK.Mic.Common.csproj", "{C257E641-22CE-62F6-9A30-E65879DCD80C}"
EndProject
Project("{FAE04EC0-301F-11D3-BF4B-00C04F79EFBC}") = "VoiceSDK.Dictation.Editor", "VoiceSDK.Dictation.Editor.csproj", "{CE490831-242B-75D8-2D45-CDFB1A426E1F}"
EndProject
Project("{FAE04EC0-301F-11D3-BF4B-00C04F79EFBC}") = "Meta.VoiceSDK.Mic.Other", "Meta.VoiceSDK.Mic.Other.csproj", "{3A4CB8C2-4174-722E-1D66-AC6607B79E88}"
EndProject
Project("{FAE04EC0-301F-11D3-BF4B-00C04F79EFBC}") = "AssistantCoreSDKEditor", "AssistantCoreSDKEditor.csproj", "{47604975-7FE1-2D3E-D471-DB145D82E48B}"
EndProject
Project("{FAE04EC0-301F-11D3-BF4B-00C04F79EFBC}") = "Oculus.Interaction.InterfaceSupport", "Oculus.Interaction.InterfaceSupport.csproj", "{6185BED3-C50A-CDEF-2E9C-5945F78F968A}"
EndProject
Project("{FAE04EC0-301F-11D3-BF4B-00C04F79EFBC}") = "Meta.Voice.Samples.LiveUnderstanding", "Meta.Voice.Samples.LiveUnderstanding.csproj", "{FD15C2B8-E102-8FC1-1E45-ABFCB82E6FA8}"
EndProject
Project("{FAE04EC0-301F-11D3-BF4B-00C04F79EFBC}") = "Facebook.Wit.Dictation.Editor", "Facebook.Wit.Dictation.Editor.csproj", "{CDDC9FD1-3668-B144-5CE7-C26C78D231E4}"
EndProject
Project("{FAE04EC0-301F-11D3-BF4B-00C04F79EFBC}") = "Meta.VoiceSDK.Mic.WebGL", "Meta.VoiceSDK.Mic.WebGL.csproj", "{04258712-1AA4-CBA9-6F1A-BF5EB0E19495}"
EndProject
Global
	GlobalSection(SolutionConfigurationPlatforms) = preSolution
		Debug|Any CPU = Debug|Any CPU
		Release|Any CPU = Release|Any CPU
	EndGlobalSection
	GlobalSection(ProjectConfigurationPlatforms) = postSolution
		{E578E76D-FB86-4A93-4662-C17BB7E5DF20}.Debug|Any CPU.ActiveCfg = Debug|Any CPU
		{E578E76D-FB86-4A93-4662-C17BB7E5DF20}.Debug|Any CPU.Build.0 = Debug|Any CPU
		{E578E76D-FB86-4A93-4662-C17BB7E5DF20}.Release|Any CPU.ActiveCfg = Release|Any CPU
		{E578E76D-FB86-4A93-4662-C17BB7E5DF20}.Release|Any CPU.Build.0 = Release|Any CPU
		{E2866F79-B942-61EF-9A7D-AE876823ABE0}.Debug|Any CPU.ActiveCfg = Debug|Any CPU
		{E2866F79-B942-61EF-9A7D-AE876823ABE0}.Debug|Any CPU.Build.0 = Debug|Any CPU
		{E2866F79-B942-61EF-9A7D-AE876823ABE0}.Release|Any CPU.ActiveCfg = Release|Any CPU
		{E2866F79-B942-61EF-9A7D-AE876823ABE0}.Release|Any CPU.Build.0 = Release|Any CPU
		{5DAB58BB-143C-36C7-017E-7BF70D309D0E}.Debug|Any CPU.ActiveCfg = Debug|Any CPU
		{5DAB58BB-143C-36C7-017E-7BF70D309D0E}.Debug|Any CPU.Build.0 = Debug|Any CPU
		{5DAB58BB-143C-36C7-017E-7BF70D309D0E}.Release|Any CPU.ActiveCfg = Release|Any CPU
		{5DAB58BB-143C-36C7-017E-7BF70D309D0E}.Release|Any CPU.Build.0 = Release|Any CPU
		{BB27FF45-06F1-3DB6-75A4-BCC60B6593AC}.Debug|Any CPU.ActiveCfg = Debug|Any CPU
		{BB27FF45-06F1-3DB6-75A4-BCC60B6593AC}.Debug|Any CPU.Build.0 = Debug|Any CPU
		{BB27FF45-06F1-3DB6-75A4-BCC60B6593AC}.Release|Any CPU.ActiveCfg = Release|Any CPU
		{BB27FF45-06F1-3DB6-75A4-BCC60B6593AC}.Release|Any CPU.Build.0 = Release|Any CPU
		{2BB9A304-5B7D-16AB-D62F-F1C5934345E0}.Debug|Any CPU.ActiveCfg = Debug|Any CPU
		{2BB9A304-5B7D-16AB-D62F-F1C5934345E0}.Debug|Any CPU.Build.0 = Debug|Any CPU
		{2BB9A304-5B7D-16AB-D62F-F1C5934345E0}.Release|Any CPU.ActiveCfg = Release|Any CPU
		{2BB9A304-5B7D-16AB-D62F-F1C5934345E0}.Release|Any CPU.Build.0 = Release|Any CPU
		{ACE5FBE5-4220-465F-2997-164652653621}.Debug|Any CPU.ActiveCfg = Debug|Any CPU
		{ACE5FBE5-4220-465F-2997-164652653621}.Debug|Any CPU.Build.0 = Debug|Any CPU
		{ACE5FBE5-4220-465F-2997-164652653621}.Release|Any CPU.ActiveCfg = Release|Any CPU
		{ACE5FBE5-4220-465F-2997-164652653621}.Release|Any CPU.Build.0 = Release|Any CPU
		{C110BB33-73D8-EFC0-E4B1-955F04103A4D}.Debug|Any CPU.ActiveCfg = Debug|Any CPU
		{C110BB33-73D8-EFC0-E4B1-955F04103A4D}.Debug|Any CPU.Build.0 = Debug|Any CPU
		{C110BB33-73D8-EFC0-E4B1-955F04103A4D}.Release|Any CPU.ActiveCfg = Release|Any CPU
		{C110BB33-73D8-EFC0-E4B1-955F04103A4D}.Release|Any CPU.Build.0 = Release|Any CPU
		{B1900BC3-D041-3E34-0E62-F9963698AFAC}.Debug|Any CPU.ActiveCfg = Debug|Any CPU
		{B1900BC3-D041-3E34-0E62-F9963698AFAC}.Debug|Any CPU.Build.0 = Debug|Any CPU
		{B1900BC3-D041-3E34-0E62-F9963698AFAC}.Release|Any CPU.ActiveCfg = Release|Any CPU
		{B1900BC3-D041-3E34-0E62-F9963698AFAC}.Release|Any CPU.Build.0 = Release|Any CPU
		{0C0A6D4B-9FED-1F80-CB39-C8DBE1EAA33C}.Debug|Any CPU.ActiveCfg = Debug|Any CPU
		{0C0A6D4B-9FED-1F80-CB39-C8DBE1EAA33C}.Debug|Any CPU.Build.0 = Debug|Any CPU
		{0C0A6D4B-9FED-1F80-CB39-C8DBE1EAA33C}.Release|Any CPU.ActiveCfg = Release|Any CPU
		{0C0A6D4B-9FED-1F80-CB39-C8DBE1EAA33C}.Release|Any CPU.Build.0 = Release|Any CPU
		{B0D070BE-663F-9723-AA7F-6101DF062E09}.Debug|Any CPU.ActiveCfg = Debug|Any CPU
		{B0D070BE-663F-9723-AA7F-6101DF062E09}.Debug|Any CPU.Build.0 = Debug|Any CPU
		{B0D070BE-663F-9723-AA7F-6101DF062E09}.Release|Any CPU.ActiveCfg = Release|Any CPU
		{B0D070BE-663F-9723-AA7F-6101DF062E09}.Release|Any CPU.Build.0 = Release|Any CPU
		{3076F223-09B6-B802-6AB7-1BCA34387962}.Debug|Any CPU.ActiveCfg = Debug|Any CPU
		{3076F223-09B6-B802-6AB7-1BCA34387962}.Debug|Any CPU.Build.0 = Debug|Any CPU
		{3076F223-09B6-B802-6AB7-1BCA34387962}.Release|Any CPU.ActiveCfg = Release|Any CPU
		{3076F223-09B6-B802-6AB7-1BCA34387962}.Release|Any CPU.Build.0 = Release|Any CPU
		{D422969B-FBBE-BD67-A708-F2D90A8460B4}.Debug|Any CPU.ActiveCfg = Debug|Any CPU
		{D422969B-FBBE-BD67-A708-F2D90A8460B4}.Debug|Any CPU.Build.0 = Debug|Any CPU
		{D422969B-FBBE-BD67-A708-F2D90A8460B4}.Release|Any CPU.ActiveCfg = Release|Any CPU
		{D422969B-FBBE-BD67-A708-F2D90A8460B4}.Release|Any CPU.Build.0 = Release|Any CPU
		{C5D7CF60-7D89-A5EA-A7AC-997E7E2CBECD}.Debug|Any CPU.ActiveCfg = Debug|Any CPU
		{C5D7CF60-7D89-A5EA-A7AC-997E7E2CBECD}.Debug|Any CPU.Build.0 = Debug|Any CPU
		{C5D7CF60-7D89-A5EA-A7AC-997E7E2CBECD}.Release|Any CPU.ActiveCfg = Release|Any CPU
		{C5D7CF60-7D89-A5EA-A7AC-997E7E2CBECD}.Release|Any CPU.Build.0 = Release|Any CPU
		{EA5D5AFC-FA89-4563-5889-3AC380857C27}.Debug|Any CPU.ActiveCfg = Debug|Any CPU
		{EA5D5AFC-FA89-4563-5889-3AC380857C27}.Debug|Any CPU.Build.0 = Debug|Any CPU
		{EA5D5AFC-FA89-4563-5889-3AC380857C27}.Release|Any CPU.ActiveCfg = Release|Any CPU
		{EA5D5AFC-FA89-4563-5889-3AC380857C27}.Release|Any CPU.Build.0 = Release|Any CPU
		{1DF4687E-8188-19C2-ED1E-EEB6F55D0F6C}.Debug|Any CPU.ActiveCfg = Debug|Any CPU
		{1DF4687E-8188-19C2-ED1E-EEB6F55D0F6C}.Debug|Any CPU.Build.0 = Debug|Any CPU
		{1DF4687E-8188-19C2-ED1E-EEB6F55D0F6C}.Release|Any CPU.ActiveCfg = Release|Any CPU
		{1DF4687E-8188-19C2-ED1E-EEB6F55D0F6C}.Release|Any CPU.Build.0 = Release|Any CPU
		{0C516001-69C9-7838-13DC-091C9A8981D0}.Debug|Any CPU.ActiveCfg = Debug|Any CPU
		{0C516001-69C9-7838-13DC-091C9A8981D0}.Debug|Any CPU.Build.0 = Debug|Any CPU
		{0C516001-69C9-7838-13DC-091C9A8981D0}.Release|Any CPU.ActiveCfg = Release|Any CPU
		{0C516001-69C9-7838-13DC-091C9A8981D0}.Release|Any CPU.Build.0 = Release|Any CPU
		{C6AB26E7-5EA1-5C84-F19C-9E44606FE613}.Debug|Any CPU.ActiveCfg = Debug|Any CPU
		{C6AB26E7-5EA1-5C84-F19C-9E44606FE613}.Debug|Any CPU.Build.0 = Debug|Any CPU
		{C6AB26E7-5EA1-5C84-F19C-9E44606FE613}.Release|Any CPU.ActiveCfg = Release|Any CPU
		{C6AB26E7-5EA1-5C84-F19C-9E44606FE613}.Release|Any CPU.Build.0 = Release|Any CPU
		{CF9E95C5-471D-156E-D680-8AFFFA5D35A7}.Debug|Any CPU.ActiveCfg = Debug|Any CPU
		{CF9E95C5-471D-156E-D680-8AFFFA5D35A7}.Debug|Any CPU.Build.0 = Debug|Any CPU
		{CF9E95C5-471D-156E-D680-8AFFFA5D35A7}.Release|Any CPU.ActiveCfg = Release|Any CPU
		{CF9E95C5-471D-156E-D680-8AFFFA5D35A7}.Release|Any CPU.Build.0 = Release|Any CPU
		{455A930B-5BC4-E360-A7CE-37E87257B260}.Debug|Any CPU.ActiveCfg = Debug|Any CPU
		{455A930B-5BC4-E360-A7CE-37E87257B260}.Debug|Any CPU.Build.0 = Debug|Any CPU
		{455A930B-5BC4-E360-A7CE-37E87257B260}.Release|Any CPU.ActiveCfg = Release|Any CPU
		{455A930B-5BC4-E360-A7CE-37E87257B260}.Release|Any CPU.Build.0 = Release|Any CPU
		{2B301D15-68D2-3014-470A-2739D75BAE39}.Debug|Any CPU.ActiveCfg = Debug|Any CPU
		{2B301D15-68D2-3014-470A-2739D75BAE39}.Debug|Any CPU.Build.0 = Debug|Any CPU
		{2B301D15-68D2-3014-470A-2739D75BAE39}.Release|Any CPU.ActiveCfg = Release|Any CPU
		{2B301D15-68D2-3014-470A-2739D75BAE39}.Release|Any CPU.Build.0 = Release|Any CPU
		{8FE5985C-505B-77C3-FFE7-5BE17A9DD86C}.Debug|Any CPU.ActiveCfg = Debug|Any CPU
		{8FE5985C-505B-77C3-FFE7-5BE17A9DD86C}.Debug|Any CPU.Build.0 = Debug|Any CPU
		{8FE5985C-505B-77C3-FFE7-5BE17A9DD86C}.Release|Any CPU.ActiveCfg = Release|Any CPU
		{8FE5985C-505B-77C3-FFE7-5BE17A9DD86C}.Release|Any CPU.Build.0 = Release|Any CPU
		{B15F2B88-60DF-80A4-EB64-75D4B2117626}.Debug|Any CPU.ActiveCfg = Debug|Any CPU
		{B15F2B88-60DF-80A4-EB64-75D4B2117626}.Debug|Any CPU.Build.0 = Debug|Any CPU
		{B15F2B88-60DF-80A4-EB64-75D4B2117626}.Release|Any CPU.ActiveCfg = Release|Any CPU
		{B15F2B88-60DF-80A4-EB64-75D4B2117626}.Release|Any CPU.Build.0 = Release|Any CPU
		{B0800F30-93E5-EF30-59B8-F4F8FAF253B4}.Debug|Any CPU.ActiveCfg = Debug|Any CPU
		{B0800F30-93E5-EF30-59B8-F4F8FAF253B4}.Debug|Any CPU.Build.0 = Debug|Any CPU
		{B0800F30-93E5-EF30-59B8-F4F8FAF253B4}.Release|Any CPU.ActiveCfg = Release|Any CPU
		{B0800F30-93E5-EF30-59B8-F4F8FAF253B4}.Release|Any CPU.Build.0 = Release|Any CPU
		{1C8B85E3-DD41-28FD-C056-DE6D157C04FD}.Debug|Any CPU.ActiveCfg = Debug|Any CPU
		{1C8B85E3-DD41-28FD-C056-DE6D157C04FD}.Debug|Any CPU.Build.0 = Debug|Any CPU
		{1C8B85E3-DD41-28FD-C056-DE6D157C04FD}.Release|Any CPU.ActiveCfg = Release|Any CPU
		{1C8B85E3-DD41-28FD-C056-DE6D157C04FD}.Release|Any CPU.Build.0 = Release|Any CPU
		{142F907C-18C9-3052-9864-BE5DD4FD231F}.Debug|Any CPU.ActiveCfg = Debug|Any CPU
		{142F907C-18C9-3052-9864-BE5DD4FD231F}.Debug|Any CPU.Build.0 = Debug|Any CPU
		{142F907C-18C9-3052-9864-BE5DD4FD231F}.Release|Any CPU.ActiveCfg = Release|Any CPU
		{142F907C-18C9-3052-9864-BE5DD4FD231F}.Release|Any CPU.Build.0 = Release|Any CPU
		{B1706C04-3C6A-5C0B-7E09-3328AC83EB12}.Debug|Any CPU.ActiveCfg = Debug|Any CPU
		{B1706C04-3C6A-5C0B-7E09-3328AC83EB12}.Debug|Any CPU.Build.0 = Debug|Any CPU
		{B1706C04-3C6A-5C0B-7E09-3328AC83EB12}.Release|Any CPU.ActiveCfg = Release|Any CPU
		{B1706C04-3C6A-5C0B-7E09-3328AC83EB12}.Release|Any CPU.Build.0 = Release|Any CPU
		{78A51603-28BA-C967-8946-8F042E9CA5AD}.Debug|Any CPU.ActiveCfg = Debug|Any CPU
		{78A51603-28BA-C967-8946-8F042E9CA5AD}.Debug|Any CPU.Build.0 = Debug|Any CPU
		{78A51603-28BA-C967-8946-8F042E9CA5AD}.Release|Any CPU.ActiveCfg = Release|Any CPU
		{78A51603-28BA-C967-8946-8F042E9CA5AD}.Release|Any CPU.Build.0 = Release|Any CPU
		{627C13B8-43BA-BC40-643F-CC61797B4151}.Debug|Any CPU.ActiveCfg = Debug|Any CPU
		{627C13B8-43BA-BC40-643F-CC61797B4151}.Debug|Any CPU.Build.0 = Debug|Any CPU
		{627C13B8-43BA-BC40-643F-CC61797B4151}.Release|Any CPU.ActiveCfg = Release|Any CPU
		{627C13B8-43BA-BC40-643F-CC61797B4151}.Release|Any CPU.Build.0 = Release|Any CPU
		{F9CF0CCC-2DAC-E6E0-FB0D-548557B5C63F}.Debug|Any CPU.ActiveCfg = Debug|Any CPU
		{F9CF0CCC-2DAC-E6E0-FB0D-548557B5C63F}.Debug|Any CPU.Build.0 = Debug|Any CPU
		{F9CF0CCC-2DAC-E6E0-FB0D-548557B5C63F}.Release|Any CPU.ActiveCfg = Release|Any CPU
		{F9CF0CCC-2DAC-E6E0-FB0D-548557B5C63F}.Release|Any CPU.Build.0 = Release|Any CPU
		{9E0C6504-0BB9-01EA-854B-6BE0A9980008}.Debug|Any CPU.ActiveCfg = Debug|Any CPU
		{9E0C6504-0BB9-01EA-854B-6BE0A9980008}.Debug|Any CPU.Build.0 = Debug|Any CPU
		{9E0C6504-0BB9-01EA-854B-6BE0A9980008}.Release|Any CPU.ActiveCfg = Release|Any CPU
		{9E0C6504-0BB9-01EA-854B-6BE0A9980008}.Release|Any CPU.Build.0 = Release|Any CPU
		{D329B84A-0C0C-7884-2860-DF761277176F}.Debug|Any CPU.ActiveCfg = Debug|Any CPU
		{D329B84A-0C0C-7884-2860-DF761277176F}.Debug|Any CPU.Build.0 = Debug|Any CPU
		{D329B84A-0C0C-7884-2860-DF761277176F}.Release|Any CPU.ActiveCfg = Release|Any CPU
		{D329B84A-0C0C-7884-2860-DF761277176F}.Release|Any CPU.Build.0 = Release|Any CPU
		{A86D3EB5-D3D5-7F5F-6781-41A03B7CAE0E}.Debug|Any CPU.ActiveCfg = Debug|Any CPU
		{A86D3EB5-D3D5-7F5F-6781-41A03B7CAE0E}.Debug|Any CPU.Build.0 = Debug|Any CPU
		{A86D3EB5-D3D5-7F5F-6781-41A03B7CAE0E}.Release|Any CPU.ActiveCfg = Release|Any CPU
		{A86D3EB5-D3D5-7F5F-6781-41A03B7CAE0E}.Release|Any CPU.Build.0 = Release|Any CPU
		{9D0F7616-79C7-4665-053F-20B4033B0CD9}.Debug|Any CPU.ActiveCfg = Debug|Any CPU
		{9D0F7616-79C7-4665-053F-20B4033B0CD9}.Debug|Any CPU.Build.0 = Debug|Any CPU
		{9D0F7616-79C7-4665-053F-20B4033B0CD9}.Release|Any CPU.ActiveCfg = Release|Any CPU
		{9D0F7616-79C7-4665-053F-20B4033B0CD9}.Release|Any CPU.Build.0 = Release|Any CPU
		{F7C54E67-5E38-211A-FA3A-4B4EF1E5000A}.Debug|Any CPU.ActiveCfg = Debug|Any CPU
		{F7C54E67-5E38-211A-FA3A-4B4EF1E5000A}.Debug|Any CPU.Build.0 = Debug|Any CPU
		{F7C54E67-5E38-211A-FA3A-4B4EF1E5000A}.Release|Any CPU.ActiveCfg = Release|Any CPU
		{F7C54E67-5E38-211A-FA3A-4B4EF1E5000A}.Release|Any CPU.Build.0 = Release|Any CPU
		{C2998A36-0EF8-D84D-A7C5-0AB71923E282}.Debug|Any CPU.ActiveCfg = Debug|Any CPU
		{C2998A36-0EF8-D84D-A7C5-0AB71923E282}.Debug|Any CPU.Build.0 = Debug|Any CPU
		{C2998A36-0EF8-D84D-A7C5-0AB71923E282}.Release|Any CPU.ActiveCfg = Release|Any CPU
		{C2998A36-0EF8-D84D-A7C5-0AB71923E282}.Release|Any CPU.Build.0 = Release|Any CPU
		{AD6D3C6E-66AD-FE36-C868-38B7BB351A80}.Debug|Any CPU.ActiveCfg = Debug|Any CPU
		{AD6D3C6E-66AD-FE36-C868-38B7BB351A80}.Debug|Any CPU.Build.0 = Debug|Any CPU
		{AD6D3C6E-66AD-FE36-C868-38B7BB351A80}.Release|Any CPU.ActiveCfg = Release|Any CPU
		{AD6D3C6E-66AD-FE36-C868-38B7BB351A80}.Release|Any CPU.Build.0 = Release|Any CPU
		{28630ED1-B4EA-880E-5029-BDDBE845F948}.Debug|Any CPU.ActiveCfg = Debug|Any CPU
		{28630ED1-B4EA-880E-5029-BDDBE845F948}.Debug|Any CPU.Build.0 = Debug|Any CPU
		{28630ED1-B4EA-880E-5029-BDDBE845F948}.Release|Any CPU.ActiveCfg = Release|Any CPU
		{28630ED1-B4EA-880E-5029-BDDBE845F948}.Release|Any CPU.Build.0 = Release|Any CPU
		{5973A88A-AB8D-E97D-B676-09E417DE721B}.Debug|Any CPU.ActiveCfg = Debug|Any CPU
		{5973A88A-AB8D-E97D-B676-09E417DE721B}.Debug|Any CPU.Build.0 = Debug|Any CPU
		{5973A88A-AB8D-E97D-B676-09E417DE721B}.Release|Any CPU.ActiveCfg = Release|Any CPU
		{5973A88A-AB8D-E97D-B676-09E417DE721B}.Release|Any CPU.Build.0 = Release|Any CPU
		{B7F728E6-9D6A-E3E4-9749-4DE5B6A64A13}.Debug|Any CPU.ActiveCfg = Debug|Any CPU
		{B7F728E6-9D6A-E3E4-9749-4DE5B6A64A13}.Debug|Any CPU.Build.0 = Debug|Any CPU
		{B7F728E6-9D6A-E3E4-9749-4DE5B6A64A13}.Release|Any CPU.ActiveCfg = Release|Any CPU
		{B7F728E6-9D6A-E3E4-9749-4DE5B6A64A13}.Release|Any CPU.Build.0 = Release|Any CPU
		{4117C69B-1FEB-D71D-7FBC-E2AB910183C1}.Debug|Any CPU.ActiveCfg = Debug|Any CPU
		{4117C69B-1FEB-D71D-7FBC-E2AB910183C1}.Debug|Any CPU.Build.0 = Debug|Any CPU
		{4117C69B-1FEB-D71D-7FBC-E2AB910183C1}.Release|Any CPU.ActiveCfg = Release|Any CPU
		{4117C69B-1FEB-D71D-7FBC-E2AB910183C1}.Release|Any CPU.Build.0 = Release|Any CPU
		{76366ABF-BF8D-0FEF-F1AA-2E5F80266F29}.Debug|Any CPU.ActiveCfg = Debug|Any CPU
		{76366ABF-BF8D-0FEF-F1AA-2E5F80266F29}.Debug|Any CPU.Build.0 = Debug|Any CPU
		{76366ABF-BF8D-0FEF-F1AA-2E5F80266F29}.Release|Any CPU.ActiveCfg = Release|Any CPU
		{76366ABF-BF8D-0FEF-F1AA-2E5F80266F29}.Release|Any CPU.Build.0 = Release|Any CPU
		{F1412BBD-34EE-223A-1B5A-AD6C45AA5140}.Debug|Any CPU.ActiveCfg = Debug|Any CPU
		{F1412BBD-34EE-223A-1B5A-AD6C45AA5140}.Debug|Any CPU.Build.0 = Debug|Any CPU
		{F1412BBD-34EE-223A-1B5A-AD6C45AA5140}.Release|Any CPU.ActiveCfg = Release|Any CPU
		{F1412BBD-34EE-223A-1B5A-AD6C45AA5140}.Release|Any CPU.Build.0 = Release|Any CPU
		{F6B72142-BBBD-2F0D-3F19-C411987C5E94}.Debug|Any CPU.ActiveCfg = Debug|Any CPU
		{F6B72142-BBBD-2F0D-3F19-C411987C5E94}.Debug|Any CPU.Build.0 = Debug|Any CPU
		{F6B72142-BBBD-2F0D-3F19-C411987C5E94}.Release|Any CPU.ActiveCfg = Release|Any CPU
		{F6B72142-BBBD-2F0D-3F19-C411987C5E94}.Release|Any CPU.Build.0 = Release|Any CPU
		{31449356-45CF-FCD0-FC4F-FEF7CF43A568}.Debug|Any CPU.ActiveCfg = Debug|Any CPU
		{31449356-45CF-FCD0-FC4F-FEF7CF43A568}.Debug|Any CPU.Build.0 = Debug|Any CPU
		{31449356-45CF-FCD0-FC4F-FEF7CF43A568}.Release|Any CPU.ActiveCfg = Release|Any CPU
		{31449356-45CF-FCD0-FC4F-FEF7CF43A568}.Release|Any CPU.Build.0 = Release|Any CPU
		{8D190012-EBA2-EF37-237A-D17A733EEC0C}.Debug|Any CPU.ActiveCfg = Debug|Any CPU
		{8D190012-EBA2-EF37-237A-D17A733EEC0C}.Debug|Any CPU.Build.0 = Debug|Any CPU
		{8D190012-EBA2-EF37-237A-D17A733EEC0C}.Release|Any CPU.ActiveCfg = Release|Any CPU
		{8D190012-EBA2-EF37-237A-D17A733EEC0C}.Release|Any CPU.Build.0 = Release|Any CPU
		{19BB0AA1-E430-F094-224A-E22C23C4A133}.Debug|Any CPU.ActiveCfg = Debug|Any CPU
		{19BB0AA1-E430-F094-224A-E22C23C4A133}.Debug|Any CPU.Build.0 = Debug|Any CPU
		{19BB0AA1-E430-F094-224A-E22C23C4A133}.Release|Any CPU.ActiveCfg = Release|Any CPU
		{19BB0AA1-E430-F094-224A-E22C23C4A133}.Release|Any CPU.Build.0 = Release|Any CPU
		{C257E641-22CE-62F6-9A30-E65879DCD80C}.Debug|Any CPU.ActiveCfg = Debug|Any CPU
		{C257E641-22CE-62F6-9A30-E65879DCD80C}.Debug|Any CPU.Build.0 = Debug|Any CPU
		{C257E641-22CE-62F6-9A30-E65879DCD80C}.Release|Any CPU.ActiveCfg = Release|Any CPU
		{C257E641-22CE-62F6-9A30-E65879DCD80C}.Release|Any CPU.Build.0 = Release|Any CPU
		{CE490831-242B-75D8-2D45-CDFB1A426E1F}.Debug|Any CPU.ActiveCfg = Debug|Any CPU
		{CE490831-242B-75D8-2D45-CDFB1A426E1F}.Debug|Any CPU.Build.0 = Debug|Any CPU
		{CE490831-242B-75D8-2D45-CDFB1A426E1F}.Release|Any CPU.ActiveCfg = Release|Any CPU
		{CE490831-242B-75D8-2D45-CDFB1A426E1F}.Release|Any CPU.Build.0 = Release|Any CPU
		{3A4CB8C2-4174-722E-1D66-AC6607B79E88}.Debug|Any CPU.ActiveCfg = Debug|Any CPU
		{3A4CB8C2-4174-722E-1D66-AC6607B79E88}.Debug|Any CPU.Build.0 = Debug|Any CPU
		{3A4CB8C2-4174-722E-1D66-AC6607B79E88}.Release|Any CPU.ActiveCfg = Release|Any CPU
		{3A4CB8C2-4174-722E-1D66-AC6607B79E88}.Release|Any CPU.Build.0 = Release|Any CPU
		{47604975-7FE1-2D3E-D471-DB145D82E48B}.Debug|Any CPU.ActiveCfg = Debug|Any CPU
		{47604975-7FE1-2D3E-D471-DB145D82E48B}.Debug|Any CPU.Build.0 = Debug|Any CPU
		{47604975-7FE1-2D3E-D471-DB145D82E48B}.Release|Any CPU.ActiveCfg = Release|Any CPU
		{47604975-7FE1-2D3E-D471-DB145D82E48B}.Release|Any CPU.Build.0 = Release|Any CPU
		{6185BED3-C50A-CDEF-2E9C-5945F78F968A}.Debug|Any CPU.ActiveCfg = Debug|Any CPU
		{6185BED3-C50A-CDEF-2E9C-5945F78F968A}.Debug|Any CPU.Build.0 = Debug|Any CPU
		{6185BED3-C50A-CDEF-2E9C-5945F78F968A}.Release|Any CPU.ActiveCfg = Release|Any CPU
		{6185BED3-C50A-CDEF-2E9C-5945F78F968A}.Release|Any CPU.Build.0 = Release|Any CPU
		{FD15C2B8-E102-8FC1-1E45-ABFCB82E6FA8}.Debug|Any CPU.ActiveCfg = Debug|Any CPU
		{FD15C2B8-E102-8FC1-1E45-ABFCB82E6FA8}.Debug|Any CPU.Build.0 = Debug|Any CPU
		{FD15C2B8-E102-8FC1-1E45-ABFCB82E6FA8}.Release|Any CPU.ActiveCfg = Release|Any CPU
		{FD15C2B8-E102-8FC1-1E45-ABFCB82E6FA8}.Release|Any CPU.Build.0 = Release|Any CPU
		{CDDC9FD1-3668-B144-5CE7-C26C78D231E4}.Debug|Any CPU.ActiveCfg = Debug|Any CPU
		{CDDC9FD1-3668-B144-5CE7-C26C78D231E4}.Debug|Any CPU.Build.0 = Debug|Any CPU
		{CDDC9FD1-3668-B144-5CE7-C26C78D231E4}.Release|Any CPU.ActiveCfg = Release|Any CPU
		{CDDC9FD1-3668-B144-5CE7-C26C78D231E4}.Release|Any CPU.Build.0 = Release|Any CPU
		{04258712-1AA4-CBA9-6F1A-BF5EB0E19495}.Debug|Any CPU.ActiveCfg = Debug|Any CPU
		{04258712-1AA4-CBA9-6F1A-BF5EB0E19495}.Debug|Any CPU.Build.0 = Debug|Any CPU
		{04258712-1AA4-CBA9-6F1A-BF5EB0E19495}.Release|Any CPU.ActiveCfg = Release|Any CPU
		{04258712-1AA4-CBA9-6F1A-BF5EB0E19495}.Release|Any CPU.Build.0 = Release|Any CPU
	EndGlobalSection
	GlobalSection(SolutionProperties) = preSolution
		HideSolutionNode = FALSE
	EndGlobalSection
EndGlobal
